
Microsoft Visual Studio Solution File, Format Version 12.00
# Visual Studio Version 17
VisualStudioVersion = 17.8.34330.188
MinimumVisualStudioVersion = 10.0.40219.1
Project("{8BC9CEB8-8B4A-11D0-8D11-00A0C91BC942}") = "sorting", "sorting\sorting.vcxproj", "{98E7C09B-2862-44A8-80CC-2489815777CF}"
EndProject
Project("{8BC9CEB8-8B4A-11D0-8D11-00A0C91BC942}") = "test1", "test1\test1.vcxproj", "{35576F4A-F6DF-43D9-8E7F-4A26A7CCFE7B}"
EndProject
Global
	GlobalSection(SolutionConfigurationPlatforms) = preSolution
		Debug|x64 = Debug|x64
		Debug|x86 = Debug|x86
		Release|x64 = Release|x64
		Release|x86 = Release|x86
	EndGlobalSection
	GlobalSection(ProjectConfigurationPlatforms) = postSolution
		{98E7C09B-2862-44A8-80CC-2489815777CF}.Debug|x64.ActiveCfg = Debug|x64
		{98E7C09B-2862-44A8-80CC-2489815777CF}.Debug|x64.Build.0 = Debug|x64
		{98E7C09B-2862-44A8-80CC-2489815777CF}.Debug|x86.ActiveCfg = Debug|Win32
		{98E7C09B-2862-44A8-80CC-2489815777CF}.Debug|x86.Build.0 = Debug|Win32
		{98E7C09B-2862-44A8-80CC-2489815777CF}.Release|x64.ActiveCfg = Release|x64
		{98E7C09B-2862-44A8-80CC-2489815777CF}.Release|x64.Build.0 = Release|x64
		{98E7C09B-2862-44A8-80CC-2489815777CF}.Release|x86.ActiveCfg = Release|Win32
		{98E7C09B-2862-44A8-80CC-2489815777CF}.Release|x86.Build.0 = Release|Win32
		{35576F4A-F6DF-43D9-8E7F-4A26A7CCFE7B}.Debug|x64.ActiveCfg = Debug|x64
		{35576F4A-F6DF-43D9-8E7F-4A26A7CCFE7B}.Debug|x64.Build.0 = Debug|x64
		{35576F4A-F6DF-43D9-8E7F-4A26A7CCFE7B}.Debug|x86.ActiveCfg = Debug|Win32
		{35576F4A-F6DF-43D9-8E7F-4A26A7CCFE7B}.Debug|x86.Build.0 = Debug|Win32
		{35576F4A-F6DF-43D9-8E7F-4A26A7CCFE7B}.Release|x64.ActiveCfg = Release|x64
		{35576F4A-F6DF-43D9-8E7F-4A26A7CCFE7B}.Release|x64.Build.0 = Release|x64
		{35576F4A-F6DF-43D9-8E7F-4A26A7CCFE7B}.Release|x86.ActiveCfg = Release|Win32
		{35576F4A-F6DF-43D9-8E7F-4A26A7CCFE7B}.Release|x86.Build.0 = Release|Win32
	EndGlobalSection
	GlobalSection(SolutionProperties) = preSolution
		HideSolutionNode = FALSE
	EndGlobalSection
	GlobalSection(ExtensibilityGlobals) = postSolution
		SolutionGuid = {1CF18836-30A6-4ACE-ADC3-30A9622DEAC7}
	EndGlobalSection
EndGlobal
